// !$*UTF8*$!
{
	archiveVersion = 1;
	classes = {
	};
	objectVersion = 55;
	objects = {

/* Begin PBXBuildFile section */
		1A0121D528E93459002DE87F /* Resource.swift in Sources */ = {isa = PBXBuildFile; fileRef = 1A0121D428E93459002DE87F /* Resource.swift */; };
		1A0121D728E93882002DE87F /* Model.swift in Sources */ = {isa = PBXBuildFile; fileRef = 1A0121D628E93882002DE87F /* Model.swift */; };
		1A0121DB28E945CE002DE87F /* DetaileViewController.swift in Sources */ = {isa = PBXBuildFile; fileRef = 1A0121DA28E945CE002DE87F /* DetaileViewController.swift */; };
		1A0121DF28E9883C002DE87F /* Detaile.storyboard in Resources */ = {isa = PBXBuildFile; fileRef = 1A0121DD28E9883C002DE87F /* Detaile.storyboard */; };
		1AD4967828E916A300869B56 /* AppDelegate.swift in Sources */ = {isa = PBXBuildFile; fileRef = 1AD4967728E916A300869B56 /* AppDelegate.swift */; };
		1AD4967A28E916A300869B56 /* SceneDelegate.swift in Sources */ = {isa = PBXBuildFile; fileRef = 1AD4967928E916A300869B56 /* SceneDelegate.swift */; };
		1AD4967C28E916A300869B56 /* ViewController.swift in Sources */ = {isa = PBXBuildFile; fileRef = 1AD4967B28E916A300869B56 /* ViewController.swift */; };
		1AD4967F28E916A400869B56 /* Main.storyboard in Resources */ = {isa = PBXBuildFile; fileRef = 1AD4967D28E916A400869B56 /* Main.storyboard */; };
		1AD4968128E916A400869B56 /* Assets.xcassets in Resources */ = {isa = PBXBuildFile; fileRef = 1AD4968028E916A400869B56 /* Assets.xcassets */; };
		1AD4968428E916A400869B56 /* LaunchScreen.storyboard in Resources */ = {isa = PBXBuildFile; fileRef = 1AD4968228E916A400869B56 /* LaunchScreen.storyboard */; };
		1AD4968E28E9197200869B56 /* SmileCell.swift in Sources */ = {isa = PBXBuildFile; fileRef = 1AD4968D28E9197200869B56 /* SmileCell.swift */; };
		1AD4969428E9245B00869B56 /* TemperatureCell.swift in Sources */ = {isa = PBXBuildFile; fileRef = 1AD4969328E9245B00869B56 /* TemperatureCell.swift */; };
/* End PBXBuildFile section */

/* Begin PBXFileReference section */
		1A0121D428E93459002DE87F /* Resource.swift */ = {isa = PBXFileReference; lastKnownFileType = sourcecode.swift; path = Resource.swift; sourceTree = "<group>"; };
		1A0121D628E93882002DE87F /* Model.swift */ = {isa = PBXFileReference; lastKnownFileType = sourcecode.swift; path = Model.swift; sourceTree = "<group>"; };
		1A0121DA28E945CE002DE87F /* DetaileViewController.swift */ = {isa = PBXFileReference; lastKnownFileType = sourcecode.swift; path = DetaileViewController.swift; sourceTree = "<group>"; };
		1A0121DE28E9883C002DE87F /* Base */ = {isa = PBXFileReference; lastKnownFileType = file.storyboard; name = Base; path = CollectionView_SF/MainScreen/Controller/Base.lproj/Detaile.storyboard; sourceTree = "<group>"; };
		1AD4967428E916A300869B56 /* CollectionView_SF.app */ = {isa = PBXFileReference; explicitFileType = wrapper.application; includeInIndex = 0; path = CollectionView_SF.app; sourceTree = BUILT_PRODUCTS_DIR; };
		1AD4967728E916A300869B56 /* AppDelegate.swift */ = {isa = PBXFileReference; lastKnownFileType = sourcecode.swift; path = AppDelegate.swift; sourceTree = "<group>"; };
		1AD4967928E916A300869B56 /* SceneDelegate.swift */ = {isa = PBXFileReference; lastKnownFileType = sourcecode.swift; path = SceneDelegate.swift; sourceTree = "<group>"; };
		1AD4967B28E916A300869B56 /* ViewController.swift */ = {isa = PBXFileReference; lastKnownFileType = sourcecode.swift; path = ViewController.swift; sourceTree = "<group>"; };
		1AD4967E28E916A400869B56 /* Base */ = {isa = PBXFileReference; lastKnownFileType = file.storyboard; name = Base; path = Base.lproj/Main.storyboard; sourceTree = "<group>"; };
		1AD4968028E916A400869B56 /* Assets.xcassets */ = {isa = PBXFileReference; lastKnownFileType = folder.assetcatalog; path = Assets.xcassets; sourceTree = "<group>"; };
		1AD4968328E916A400869B56 /* Base */ = {isa = PBXFileReference; lastKnownFileType = file.storyboard; name = Base; path = Base.lproj/LaunchScreen.storyboard; sourceTree = "<group>"; };
		1AD4968528E916A400869B56 /* Info.plist */ = {isa = PBXFileReference; lastKnownFileType = text.plist.xml; path = Info.plist; sourceTree = "<group>"; };
		1AD4968D28E9197200869B56 /* SmileCell.swift */ = {isa = PBXFileReference; lastKnownFileType = sourcecode.swift; path = SmileCell.swift; sourceTree = "<group>"; };
		1AD4969328E9245B00869B56 /* TemperatureCell.swift */ = {isa = PBXFileReference; lastKnownFileType = sourcecode.swift; path = TemperatureCell.swift; sourceTree = "<group>"; };
/* End PBXFileReference section */

/* Begin PBXFrameworksBuildPhase section */
		1AD4967128E916A300869B56 /* Frameworks */ = {
			isa = PBXFrameworksBuildPhase;
			buildActionMask = 2147483647;
			files = (
			);
			runOnlyForDeploymentPostprocessing = 0;
		};
/* End PBXFrameworksBuildPhase section */

/* Begin PBXGroup section */
		1A0121D828E94548002DE87F /* MainScreen */ = {
			isa = PBXGroup;
			children = (
				1AD4969528E92D8000869B56 /* Model */,
				1AD4969628E92D8C00869B56 /* View */,
				1AD4969728E92D9600869B56 /* Controller */,
			);
			path = MainScreen;
			sourceTree = "<group>";
		};
		1A0121D928E94571002DE87F /* DetaileScreen */ = {
			isa = PBXGroup;
			children = (
				1A0121DC28E97F1A002DE87F /* Controller */,
			);
			path = DetaileScreen;
			sourceTree = "<group>";
		};
		1A0121DC28E97F1A002DE87F /* Controller */ = {
			isa = PBXGroup;
			children = (
				1A0121DD28E9883C002DE87F /* Detaile.storyboard */,
				1A0121DA28E945CE002DE87F /* DetaileViewController.swift */,
			);
			path = Controller;
			sourceTree = "<group>";
		};
		1AD4966B28E916A300869B56 = {
			isa = PBXGroup;
			children = (
				1AD4967628E916A300869B56 /* CollectionView_SF */,
				1AD4967528E916A300869B56 /* Products */,
			);
			sourceTree = "<group>";
		};
		1AD4967528E916A300869B56 /* Products */ = {
			isa = PBXGroup;
			children = (
				1AD4967428E916A300869B56 /* CollectionView_SF.app */,
			);
			name = Products;
			sourceTree = "<group>";
		};
		1AD4967628E916A300869B56 /* CollectionView_SF */ = {
			isa = PBXGroup;
			children = (
				1A0121D828E94548002DE87F /* MainScreen */,
				1A0121D928E94571002DE87F /* DetaileScreen */,
				1AD4969928E92DBE00869B56 /* Resources */,
				1AD4969828E92DA800869B56 /* SuppportingFiles */,
			);
			path = CollectionView_SF;
			sourceTree = "<group>";
		};
		1AD4969528E92D8000869B56 /* Model */ = {
			isa = PBXGroup;
			children = (
				1A0121D628E93882002DE87F /* Model.swift */,
			);
			path = Model;
			sourceTree = "<group>";
		};
		1AD4969628E92D8C00869B56 /* View */ = {
			isa = PBXGroup;
			children = (
				1AD4969A28E92E0000869B56 /* Temperature */,
				1AD4969B28E92E0E00869B56 /* Smile */,
			);
			path = View;
			sourceTree = "<group>";
		};
		1AD4969728E92D9600869B56 /* Controller */ = {
			isa = PBXGroup;
			children = (
				1AD4967D28E916A400869B56 /* Main.storyboard */,
				1AD4967B28E916A300869B56 /* ViewController.swift */,
			);
			path = Controller;
			sourceTree = "<group>";
		};
		1AD4969828E92DA800869B56 /* SuppportingFiles */ = {
			isa = PBXGroup;
			children = (
				1AD4967728E916A300869B56 /* AppDelegate.swift */,
				1AD4967928E916A300869B56 /* SceneDelegate.swift */,
				1AD4968528E916A400869B56 /* Info.plist */,
			);
			path = SuppportingFiles;
			sourceTree = "<group>";
		};
		1AD4969928E92DBE00869B56 /* Resources */ = {
			isa = PBXGroup;
			children = (
				1AD4968028E916A400869B56 /* Assets.xcassets */,
				1AD4968228E916A400869B56 /* LaunchScreen.storyboard */,
				1A0121D428E93459002DE87F /* Resource.swift */,
			);
			path = Resources;
			sourceTree = "<group>";
		};
		1AD4969A28E92E0000869B56 /* Temperature */ = {
			isa = PBXGroup;
			children = (
				1AD4969328E9245B00869B56 /* TemperatureCell.swift */,
			);
			path = Temperature;
			sourceTree = "<group>";
		};
		1AD4969B28E92E0E00869B56 /* Smile */ = {
			isa = PBXGroup;
			children = (
				1AD4968D28E9197200869B56 /* SmileCell.swift */,
			);
			path = Smile;
			sourceTree = "<group>";
		};
/* End PBXGroup section */

/* Begin PBXNativeTarget section */
		1AD4967328E916A300869B56 /* CollectionView_SF */ = {
			isa = PBXNativeTarget;
			buildConfigurationList = 1AD4968828E916A400869B56 /* Build configuration list for PBXNativeTarget "CollectionView_SF" */;
			buildPhases = (
				1AD4967028E916A300869B56 /* Sources */,
				1AD4967128E916A300869B56 /* Frameworks */,
				1A0121D328E93279002DE87F /* SwiftLint */,
				1AD4967228E916A300869B56 /* Resources */,
			);
			buildRules = (
			);
			dependencies = (
			);
			name = CollectionView_SF;
			productName = CollectionView_SF;
			productReference = 1AD4967428E916A300869B56 /* CollectionView_SF.app */;
			productType = "com.apple.product-type.application";
		};
/* End PBXNativeTarget section */

/* Begin PBXProject section */
		1AD4966C28E916A300869B56 /* Project object */ = {
			isa = PBXProject;
			attributes = {
				BuildIndependentTargetsInParallel = 1;
				LastSwiftUpdateCheck = 1340;
				LastUpgradeCheck = 1340;
				TargetAttributes = {
					1AD4967328E916A300869B56 = {
						CreatedOnToolsVersion = 13.4.1;
					};
				};
			};
			buildConfigurationList = 1AD4966F28E916A300869B56 /* Build configuration list for PBXProject "CollectionView_SF" */;
			compatibilityVersion = "Xcode 13.0";
			developmentRegion = en;
			hasScannedForEncodings = 0;
			knownRegions = (
				en,
				Base,
			);
			mainGroup = 1AD4966B28E916A300869B56;
			productRefGroup = 1AD4967528E916A300869B56 /* Products */;
			projectDirPath = "";
			projectRoot = "";
			targets = (
				1AD4967328E916A300869B56 /* CollectionView_SF */,
			);
		};
/* End PBXProject section */

/* Begin PBXResourcesBuildPhase section */
		1AD4967228E916A300869B56 /* Resources */ = {
			isa = PBXResourcesBuildPhase;
			buildActionMask = 2147483647;
			files = (
				1AD4968428E916A400869B56 /* LaunchScreen.storyboard in Resources */,
				1A0121DF28E9883C002DE87F /* Detaile.storyboard in Resources */,
				1AD4968128E916A400869B56 /* Assets.xcassets in Resources */,
				1AD4967F28E916A400869B56 /* Main.storyboard in Resources */,
			);
			runOnlyForDeploymentPostprocessing = 0;
		};
/* End PBXResourcesBuildPhase section */

/* Begin PBXShellScriptBuildPhase section */
		1A0121D328E93279002DE87F /* SwiftLint */ = {
			isa = PBXShellScriptBuildPhase;
			buildActionMask = 2147483647;
			files = (
			);
			inputFileListPaths = (
			);
			inputPaths = (
			);
			name = SwiftLint;
			outputFileListPaths = (
			);
			outputPaths = (
			);
			runOnlyForDeploymentPostprocessing = 0;
			shellPath = /bin/sh;
			shellScript = "if which swiftlint >/dev/null; then\n  swiftlint\nelse\n  echo \"error: SwiftLint does not exist, download it from https://github.com/realm/SwiftLint\"\n  exit 1\nfi\n\n";
		};
/* End PBXShellScriptBuildPhase section */

/* Begin PBXSourcesBuildPhase section */
		1AD4967028E916A300869B56 /* Sources */ = {
			isa = PBXSourcesBuildPhase;
			buildActionMask = 2147483647;
			files = (
				1AD4967C28E916A300869B56 /* ViewController.swift in Sources */,
				1AD4967828E916A300869B56 /* AppDelegate.swift in Sources */,
				1AD4968E28E9197200869B56 /* SmileCell.swift in Sources */,
				1A0121D528E93459002DE87F /* Resource.swift in Sources */,
				1A0121DB28E945CE002DE87F /* DetaileViewController.swift in Sources */,
				1AD4967A28E916A300869B56 /* SceneDelegate.swift in Sources */,
				1A0121D728E93882002DE87F /* Model.swift in Sources */,
				1AD4969428E9245B00869B56 /* TemperatureCell.swift in Sources */,
			);
			runOnlyForDeploymentPostprocessing = 0;
		};
/* End PBXSourcesBuildPhase section */

/* Begin PBXVariantGroup section */
		1A0121DD28E9883C002DE87F /* Detaile.storyboard */ = {
			isa = PBXVariantGroup;
			children = (
				1A0121DE28E9883C002DE87F /* Base */,
			);
			name = Detaile.storyboard;
			sourceTree = "<group>";
		};
		1AD4967D28E916A400869B56 /* Main.storyboard */ = {
			isa = PBXVariantGroup;
			children = (
				1AD4967E28E916A400869B56 /* Base */,
			);
			name = Main.storyboard;
			sourceTree = "<group>";
		};
		1AD4968228E916A400869B56 /* LaunchScreen.storyboard */ = {
			isa = PBXVariantGroup;
			children = (
				1AD4968328E916A400869B56 /* Base */,
			);
			name = LaunchScreen.storyboard;
			sourceTree = "<group>";
		};
/* End PBXVariantGroup section */

/* Begin XCBuildConfiguration section */
		1AD4968628E916A400869B56 /* Debug */ = {
			isa = XCBuildConfiguration;
			buildSettings = {
				ALWAYS_SEARCH_USER_PATHS = NO;
				CLANG_ANALYZER_NONNULL = YES;
				CLANG_ANALYZER_NUMBER_OBJECT_CONVERSION = YES_AGGRESSIVE;
				CLANG_CXX_LANGUAGE_STANDARD = "gnu++17";
				CLANG_ENABLE_MODULES = YES;
				CLANG_ENABLE_OBJC_ARC = YES;
				CLANG_ENABLE_OBJC_WEAK = YES;
				CLANG_WARN_BLOCK_CAPTURE_AUTORELEASING = YES;
				CLANG_WARN_BOOL_CONVERSION = YES;
				CLANG_WARN_COMMA = YES;
				CLANG_WARN_CONSTANT_CONVERSION = YES;
				CLANG_WARN_DEPRECATED_OBJC_IMPLEMENTATIONS = YES;
				CLANG_WARN_DIRECT_OBJC_ISA_USAGE = YES_ERROR;
				CLANG_WARN_DOCUMENTATION_COMMENTS = YES;
				CLANG_WARN_EMPTY_BODY = YES;
				CLANG_WARN_ENUM_CONVERSION = YES;
				CLANG_WARN_INFINITE_RECURSION = YES;
				CLANG_WARN_INT_CONVERSION = YES;
				CLANG_WARN_NON_LITERAL_NULL_CONVERSION = YES;
				CLANG_WARN_OBJC_IMPLICIT_RETAIN_SELF = YES;
				CLANG_WARN_OBJC_LITERAL_CONVERSION = YES;
				CLANG_WARN_OBJC_ROOT_CLASS = YES_ERROR;
				CLANG_WARN_QUOTED_INCLUDE_IN_FRAMEWORK_HEADER = YES;
				CLANG_WARN_RANGE_LOOP_ANALYSIS = YES;
				CLANG_WARN_STRICT_PROTOTYPES = YES;
				CLANG_WARN_SUSPICIOUS_MOVE = YES;
				CLANG_WARN_UNGUARDED_AVAILABILITY = YES_AGGRESSIVE;
				CLANG_WARN_UNREACHABLE_CODE = YES;
				CLANG_WARN__DUPLICATE_METHOD_MATCH = YES;
				COPY_PHASE_STRIP = NO;
				DEBUG_INFORMATION_FORMAT = dwarf;
				ENABLE_STRICT_OBJC_MSGSEND = YES;
				ENABLE_TESTABILITY = YES;
				GCC_C_LANGUAGE_STANDARD = gnu11;
				GCC_DYNAMIC_NO_PIC = NO;
				GCC_NO_COMMON_BLOCKS = YES;
				GCC_OPTIMIZATION_LEVEL = 0;
				GCC_PREPROCESSOR_DEFINITIONS = (
					"DEBUG=1",
					"$(inherited)",
				);
				GCC_WARN_64_TO_32_BIT_CONVERSION = YES;
				GCC_WARN_ABOUT_RETURN_TYPE = YES_ERROR;
				GCC_WARN_UNDECLARED_SELECTOR = YES;
				GCC_WARN_UNINITIALIZED_AUTOS = YES_AGGRESSIVE;
				GCC_WARN_UNUSED_FUNCTION = YES;
				GCC_WARN_UNUSED_VARIABLE = YES;
				IPHONEOS_DEPLOYMENT_TARGET = 15.5;
				MTL_ENABLE_DEBUG_INFO = INCLUDE_SOURCE;
				MTL_FAST_MATH = YES;
				ONLY_ACTIVE_ARCH = YES;
				SDKROOT = iphoneos;
				SWIFT_ACTIVE_COMPILATION_CONDITIONS = DEBUG;
				SWIFT_OPTIMIZATION_LEVEL = "-Onone";
			};
			name = Debug;
		};
		1AD4968728E916A400869B56 /* Release */ = {
			isa = XCBuildConfiguration;
			buildSettings = {
				ALWAYS_SEARCH_USER_PATHS = NO;
				CLANG_ANALYZER_NONNULL = YES;
				CLANG_ANALYZER_NUMBER_OBJECT_CONVERSION = YES_AGGRESSIVE;
				CLANG_CXX_LANGUAGE_STANDARD = "gnu++17";
				CLANG_ENABLE_MODULES = YES;
				CLANG_ENABLE_OBJC_ARC = YES;
				CLANG_ENABLE_OBJC_WEAK = YES;
				CLANG_WARN_BLOCK_CAPTURE_AUTORELEASING = YES;
				CLANG_WARN_BOOL_CONVERSION = YES;
				CLANG_WARN_COMMA = YES;
				CLANG_WARN_CONSTANT_CONVERSION = YES;
				CLANG_WARN_DEPRECATED_OBJC_IMPLEMENTATIONS = YES;
				CLANG_WARN_DIRECT_OBJC_ISA_USAGE = YES_ERROR;
				CLANG_WARN_DOCUMENTATION_COMMENTS = YES;
				CLANG_WARN_EMPTY_BODY = YES;
				CLANG_WARN_ENUM_CONVERSION = YES;
				CLANG_WARN_INFINITE_RECURSION = YES;
				CLANG_WARN_INT_CONVERSION = YES;
				CLANG_WARN_NON_LITERAL_NULL_CONVERSION = YES;
				CLANG_WARN_OBJC_IMPLICIT_RETAIN_SELF = YES;
				CLANG_WARN_OBJC_LITERAL_CONVERSION = YES;
				CLANG_WARN_OBJC_ROOT_CLASS = YES_ERROR;
				CLANG_WARN_QUOTED_INCLUDE_IN_FRAMEWORK_HEADER = YES;
				CLANG_WARN_RANGE_LOOP_ANALYSIS = YES;
				CLANG_WARN_STRICT_PROTOTYPES = YES;
				CLANG_WARN_SUSPICIOUS_MOVE = YES;
				CLANG_WARN_UNGUARDED_AVAILABILITY = YES_AGGRESSIVE;
				CLANG_WARN_UNREACHABLE_CODE = YES;
				CLANG_WARN__DUPLICATE_METHOD_MATCH = YES;
				COPY_PHASE_STRIP = NO;
				DEBUG_INFORMATION_FORMAT = "dwarf-with-dsym";
				ENABLE_NS_ASSERTIONS = NO;
				ENABLE_STRICT_OBJC_MSGSEND = YES;
				GCC_C_LANGUAGE_STANDARD = gnu11;
				GCC_NO_COMMON_BLOCKS = YES;
				GCC_WARN_64_TO_32_BIT_CONVERSION = YES;
				GCC_WARN_ABOUT_RETURN_TYPE = YES_ERROR;
				GCC_WARN_UNDECLARED_SELECTOR = YES;
				GCC_WARN_UNINITIALIZED_AUTOS = YES_AGGRESSIVE;
				GCC_WARN_UNUSED_FUNCTION = YES;
				GCC_WARN_UNUSED_VARIABLE = YES;
				IPHONEOS_DEPLOYMENT_TARGET = 15.5;
				MTL_ENABLE_DEBUG_INFO = NO;
				MTL_FAST_MATH = YES;
				SDKROOT = iphoneos;
				SWIFT_COMPILATION_MODE = wholemodule;
				SWIFT_OPTIMIZATION_LEVEL = "-O";
				VALIDATE_PRODUCT = YES;
			};
			name = Release;
		};
		1AD4968928E916A400869B56 /* Debug */ = {
			isa = XCBuildConfiguration;
			buildSettings = {
				ASSETCATALOG_COMPILER_APPICON_NAME = AppIcon;
				ASSETCATALOG_COMPILER_GLOBAL_ACCENT_COLOR_NAME = AccentColor;
				CODE_SIGN_STYLE = Automatic;
				CURRENT_PROJECT_VERSION = 1;
				DEVELOPMENT_TEAM = 2TFP9B86SX;
				GENERATE_INFOPLIST_FILE = YES;
				INFOPLIST_FILE = CollectionView_SF/SuppportingFiles/Info.plist;
				INFOPLIST_KEY_UIApplicationSupportsIndirectInputEvents = YES;
				INFOPLIST_KEY_UILaunchStoryboardName = LaunchScreen;
				INFOPLIST_KEY_UIMainStoryboardFile = Main;
				INFOPLIST_KEY_UISupportedInterfaceOrientations_iPad = "UIInterfaceOrientationPortrait UIInterfaceOrientationPortraitUpsideDown UIInterfaceOrientationLandscapeLeft UIInterfaceOrientationLandscapeRight";
				INFOPLIST_KEY_UISupportedInterfaceOrientations_iPhone = "UIInterfaceOrientationPortrait UIInterfaceOrientationLandscapeLeft UIInterfaceOrientationLandscapeRight";
				LD_RUNPATH_SEARCH_PATHS = (
					"$(inherited)",
					"@executable_path/Frameworks",
				);
				MARKETING_VERSION = 1.0;
				PRODUCT_BUNDLE_IDENTIFIER = "Inan.CollectionView-SF";
				PRODUCT_NAME = "$(TARGET_NAME)";
				SWIFT_EMIT_LOC_STRINGS = YES;
				SWIFT_VERSION = 5.0;
				TARGETED_DEVICE_FAMILY = "1,2";
			};
			name = Debug;
		};
		1AD4968A28E916A400869B56 /* Release */ = {
			isa = XCBuildConfiguration;
			buildSettings = {
				ASSETCATALOG_COMPILER_APPICON_NAME = AppIcon;
				ASSETCATALOG_COMPILER_GLOBAL_ACCENT_COLOR_NAME = AccentColor;
				CODE_SIGN_STYLE = Automatic;
				CURRENT_PROJECT_VERSION = 1;
				DEVELOPMENT_TEAM = 2TFP9B86SX;
				GENERATE_INFOPLIST_FILE = YES;
				INFOPLIST_FILE = CollectionView_SF/SuppportingFiles/Info.plist;
				INFOPLIST_KEY_UIApplicationSupportsIndirectInputEvents = YES;
				INFOPLIST_KEY_UILaunchStoryboardName = LaunchScreen;
				INFOPLIST_KEY_UIMainStoryboardFile = Main;
				INFOPLIST_KEY_UISupportedInterfaceOrientations_iPad = "UIInterfaceOrientationPortrait UIInterfaceOrientationPortraitUpsideDown UIInterfaceOrientationLandscapeLeft UIInterfaceOrientationLandscapeRight";
				INFOPLIST_KEY_UISupportedInterfaceOrientations_iPhone = "UIInterfaceOrientationPortrait UIInterfaceOrientationLandscapeLeft UIInterfaceOrientationLandscapeRight";
				LD_RUNPATH_SEARCH_PATHS = (
					"$(inherited)",
					"@executable_path/Frameworks",
				);
				MARKETING_VERSION = 1.0;
				PRODUCT_BUNDLE_IDENTIFIER = "Inan.CollectionView-SF";
				PRODUCT_NAME = "$(TARGET_NAME)";
				SWIFT_EMIT_LOC_STRINGS = YES;
				SWIFT_VERSION = 5.0;
				TARGETED_DEVICE_FAMILY = "1,2";
			};
			name = Release;
		};
/* End XCBuildConfiguration section */

/* Begin XCConfigurationList section */
		1AD4966F28E916A300869B56 /* Build configuration list for PBXProject "CollectionView_SF" */ = {
			isa = XCConfigurationList;
			buildConfigurations = (
				1AD4968628E916A400869B56 /* Debug */,
				1AD4968728E916A400869B56 /* Release */,
			);
			defaultConfigurationIsVisible = 0;
			defaultConfigurationName = Release;
		};
		1AD4968828E916A400869B56 /* Build configuration list for PBXNativeTarget "CollectionView_SF" */ = {
			isa = XCConfigurationList;
			buildConfigurations = (
				1AD4968928E916A400869B56 /* Debug */,
				1AD4968A28E916A400869B56 /* Release */,
			);
			defaultConfigurationIsVisible = 0;
			defaultConfigurationName = Release;
		};
/* End XCConfigurationList section */
	};
	rootObject = 1AD4966C28E916A300869B56 /* Project object */;
}
